// !$*UTF8*$!
{
	archiveVersion = 1;
	classes = {
	};
	objectVersion = 46;
	objects = {

/* Begin PBXBuildFile section */
		84249E041C44573000A2AF2F /* main.m in Sources */ = {isa = PBXBuildFile; fileRef = 84249E031C44573000A2AF2F /* main.m */; };
		84249E071C44573000A2AF2F /* AppDelegate.m in Sources */ = {isa = PBXBuildFile; fileRef = 84249E061C44573000A2AF2F /* AppDelegate.m */; };
		84249E0D1C44573000A2AF2F /* Main.storyboard in Resources */ = {isa = PBXBuildFile; fileRef = 84249E0B1C44573000A2AF2F /* Main.storyboard */; };
		84249E101C44573000A2AF2F /* JSONParser.xcdatamodeld in Sources */ = {isa = PBXBuildFile; fileRef = 84249E0E1C44573000A2AF2F /* JSONParser.xcdatamodeld */; };
		84249E121C44573000A2AF2F /* Assets.xcassets in Resources */ = {isa = PBXBuildFile; fileRef = 84249E111C44573000A2AF2F /* Assets.xcassets */; };
		84249E151C44573000A2AF2F /* LaunchScreen.storyboard in Resources */ = {isa = PBXBuildFile; fileRef = 84249E131C44573000A2AF2F /* LaunchScreen.storyboard */; };
		84249E201C44573000A2AF2F /* JSONParserTests.m in Sources */ = {isa = PBXBuildFile; fileRef = 84249E1F1C44573000A2AF2F /* JSONParserTests.m */; };
		84249E2B1C44573000A2AF2F /* JSONParserUITests.m in Sources */ = {isa = PBXBuildFile; fileRef = 84249E2A1C44573000A2AF2F /* JSONParserUITests.m */; };
		84249E3A1C4458FE00A2AF2F /* BuildingsParser.m in Sources */ = {isa = PBXBuildFile; fileRef = 84249E391C4458FE00A2AF2F /* BuildingsParser.m */; };
		84249E3D1C445BD500A2AF2F /* Building.m in Sources */ = {isa = PBXBuildFile; fileRef = 84249E3C1C445BD500A2AF2F /* Building.m */; };
		84249E451C4469D300A2AF2F /* BuildingCell.m in Sources */ = {isa = PBXBuildFile; fileRef = 84249E441C4469D300A2AF2F /* BuildingCell.m */; };
		84EC78E91C44726E00ED299A /* check_ic_green@2x.png in Resources */ = {isa = PBXBuildFile; fileRef = 84EC78E81C44726E00ED299A /* check_ic_green@2x.png */; };
		84EC78EB1C44727100ED299A /* check_ic_grey@2x.png in Resources */ = {isa = PBXBuildFile; fileRef = 84EC78EA1C44727100ED299A /* check_ic_grey@2x.png */; };
		84EC78EE1C44CB3C00ED299A /* ViewController.m in Sources */ = {isa = PBXBuildFile; fileRef = 84EC78ED1C44CB3C00ED299A /* ViewController.m */; };
		84EC78F01C44D32300ED299A /* MapKit.framework in Frameworks */ = {isa = PBXBuildFile; fileRef = 84EC78EF1C44D32300ED299A /* MapKit.framework */; };
		84EC78F31C44D38800ED299A /* MapViewController.m in Sources */ = {isa = PBXBuildFile; fileRef = 84EC78F21C44D38800ED299A /* MapViewController.m */; };
		84EC78FE1C44DC8E00ED299A /* BuildingPin.m in Sources */ = {isa = PBXBuildFile; fileRef = 84EC78FD1C44DC8E00ED299A /* BuildingPin.m */; };
		84ED6A131C44EF1700E57099 /* marker@2x.png in Resources */ = {isa = PBXBuildFile; fileRef = 84ED6A121C44EF1700E57099 /* marker@2x.png */; };
		84ED6A151C44EF2000E57099 /* marker.png in Resources */ = {isa = PBXBuildFile; fileRef = 84ED6A141C44EF2000E57099 /* marker.png */; };
/* End PBXBuildFile section */

/* Begin PBXContainerItemProxy section */
		84249E1C1C44573000A2AF2F /* PBXContainerItemProxy */ = {
			isa = PBXContainerItemProxy;
			containerPortal = 84249DF71C44573000A2AF2F /* Project object */;
			proxyType = 1;
			remoteGlobalIDString = 84249DFE1C44573000A2AF2F;
			remoteInfo = JSONParser;
		};
		84249E271C44573000A2AF2F /* PBXContainerItemProxy */ = {
			isa = PBXContainerItemProxy;
			containerPortal = 84249DF71C44573000A2AF2F /* Project object */;
			proxyType = 1;
			remoteGlobalIDString = 84249DFE1C44573000A2AF2F;
			remoteInfo = JSONParser;
		};
/* End PBXContainerItemProxy section */

/* Begin PBXFileReference section */
		84249DFF1C44573000A2AF2F /* JSONParser.app */ = {isa = PBXFileReference; explicitFileType = wrapper.application; includeInIndex = 0; path = JSONParser.app; sourceTree = BUILT_PRODUCTS_DIR; };
		84249E031C44573000A2AF2F /* main.m */ = {isa = PBXFileReference; lastKnownFileType = sourcecode.c.objc; path = main.m; sourceTree = "<group>"; };
		84249E051C44573000A2AF2F /* AppDelegate.h */ = {isa = PBXFileReference; lastKnownFileType = sourcecode.c.h; path = AppDelegate.h; sourceTree = "<group>"; };
		84249E061C44573000A2AF2F /* AppDelegate.m */ = {isa = PBXFileReference; lastKnownFileType = sourcecode.c.objc; path = AppDelegate.m; sourceTree = "<group>"; };
		84249E0C1C44573000A2AF2F /* Base */ = {isa = PBXFileReference; lastKnownFileType = file.storyboard; name = Base; path = Base.lproj/Main.storyboard; sourceTree = "<group>"; };
		84249E0F1C44573000A2AF2F /* JSONParser.xcdatamodel */ = {isa = PBXFileReference; lastKnownFileType = wrapper.xcdatamodel; path = JSONParser.xcdatamodel; sourceTree = "<group>"; };
		84249E111C44573000A2AF2F /* Assets.xcassets */ = {isa = PBXFileReference; lastKnownFileType = folder.assetcatalog; path = Assets.xcassets; sourceTree = "<group>"; };
		84249E141C44573000A2AF2F /* Base */ = {isa = PBXFileReference; lastKnownFileType = file.storyboard; name = Base; path = Base.lproj/LaunchScreen.storyboard; sourceTree = "<group>"; };
		84249E161C44573000A2AF2F /* Info.plist */ = {isa = PBXFileReference; lastKnownFileType = text.plist.xml; path = Info.plist; sourceTree = "<group>"; };
		84249E1B1C44573000A2AF2F /* JSONParserTests.xctest */ = {isa = PBXFileReference; explicitFileType = wrapper.cfbundle; includeInIndex = 0; path = JSONParserTests.xctest; sourceTree = BUILT_PRODUCTS_DIR; };
		84249E1F1C44573000A2AF2F /* JSONParserTests.m */ = {isa = PBXFileReference; lastKnownFileType = sourcecode.c.objc; path = JSONParserTests.m; sourceTree = "<group>"; };
		84249E211C44573000A2AF2F /* Info.plist */ = {isa = PBXFileReference; lastKnownFileType = text.plist.xml; path = Info.plist; sourceTree = "<group>"; };
		84249E261C44573000A2AF2F /* JSONParserUITests.xctest */ = {isa = PBXFileReference; explicitFileType = wrapper.cfbundle; includeInIndex = 0; path = JSONParserUITests.xctest; sourceTree = BUILT_PRODUCTS_DIR; };
		84249E2A1C44573000A2AF2F /* JSONParserUITests.m */ = {isa = PBXFileReference; lastKnownFileType = sourcecode.c.objc; path = JSONParserUITests.m; sourceTree = "<group>"; };
		84249E2C1C44573000A2AF2F /* Info.plist */ = {isa = PBXFileReference; lastKnownFileType = text.plist.xml; path = Info.plist; sourceTree = "<group>"; };
		84249E381C4458FE00A2AF2F /* BuildingsParser.h */ = {isa = PBXFileReference; fileEncoding = 4; lastKnownFileType = sourcecode.c.h; path = BuildingsParser.h; sourceTree = "<group>"; };
		84249E391C4458FE00A2AF2F /* BuildingsParser.m */ = {isa = PBXFileReference; fileEncoding = 4; lastKnownFileType = sourcecode.c.objc; path = BuildingsParser.m; sourceTree = "<group>"; };
		84249E3B1C445BD500A2AF2F /* Building.h */ = {isa = PBXFileReference; fileEncoding = 4; lastKnownFileType = sourcecode.c.h; path = Building.h; sourceTree = "<group>"; };
		84249E3C1C445BD500A2AF2F /* Building.m */ = {isa = PBXFileReference; fileEncoding = 4; lastKnownFileType = sourcecode.c.objc; path = Building.m; sourceTree = "<group>"; };
		84249E431C4469D300A2AF2F /* BuildingCell.h */ = {isa = PBXFileReference; fileEncoding = 4; lastKnownFileType = sourcecode.c.h; path = BuildingCell.h; sourceTree = "<group>"; };
		84249E441C4469D300A2AF2F /* BuildingCell.m */ = {isa = PBXFileReference; fileEncoding = 4; lastKnownFileType = sourcecode.c.objc; path = BuildingCell.m; sourceTree = "<group>"; };
		84EC78E81C44726E00ED299A /* check_ic_green@2x.png */ = {isa = PBXFileReference; lastKnownFileType = image.png; name = "check_ic_green@2x.png"; path = "../../IOS Test/IOS test_iPhone_assets/check_ic_green@2x.png"; sourceTree = "<group>"; };
		84EC78EA1C44727100ED299A /* check_ic_grey@2x.png */ = {isa = PBXFileReference; lastKnownFileType = image.png; name = "check_ic_grey@2x.png"; path = "../../IOS Test/IOS test_iPhone_assets/check_ic_grey@2x.png"; sourceTree = "<group>"; };
		84EC78EC1C44CB3C00ED299A /* ViewController.h */ = {isa = PBXFileReference; fileEncoding = 4; lastKnownFileType = sourcecode.c.h; path = ViewController.h; sourceTree = "<group>"; };
		84EC78ED1C44CB3C00ED299A /* ViewController.m */ = {isa = PBXFileReference; fileEncoding = 4; lastKnownFileType = sourcecode.c.objc; path = ViewController.m; sourceTree = "<group>"; };
		84EC78EF1C44D32300ED299A /* MapKit.framework */ = {isa = PBXFileReference; lastKnownFileType = wrapper.framework; name = MapKit.framework; path = System/Library/Frameworks/MapKit.framework; sourceTree = SDKROOT; };
		84EC78F11C44D38800ED299A /* MapViewController.h */ = {isa = PBXFileReference; fileEncoding = 4; lastKnownFileType = sourcecode.c.h; name = MapViewController.h; path = ../MapViewController.h; sourceTree = "<group>"; };
		84EC78F21C44D38800ED299A /* MapViewController.m */ = {isa = PBXFileReference; fileEncoding = 4; lastKnownFileType = sourcecode.c.objc; name = MapViewController.m; path = ../MapViewController.m; sourceTree = "<group>"; };
		84EC78FC1C44DC8E00ED299A /* BuildingPin.h */ = {isa = PBXFileReference; fileEncoding = 4; lastKnownFileType = sourcecode.c.h; path = BuildingPin.h; sourceTree = "<group>"; };
		84EC78FD1C44DC8E00ED299A /* BuildingPin.m */ = {isa = PBXFileReference; fileEncoding = 4; lastKnownFileType = sourcecode.c.objc; path = BuildingPin.m; sourceTree = "<group>"; };
		84ED6A121C44EF1700E57099 /* marker@2x.png */ = {isa = PBXFileReference; lastKnownFileType = image.png; name = "marker@2x.png"; path = "../../../Library/Containers/com.apple.mail/Data/Library/Mail Downloads/CE582280-2A77-46F9-B793-83CABCFA802C/marker@2x.png"; sourceTree = "<group>"; };
		84ED6A141C44EF2000E57099 /* marker.png */ = {isa = PBXFileReference; lastKnownFileType = image.png; name = marker.png; path = "../../../Library/Containers/com.apple.mail/Data/Library/Mail Downloads/76111312-9337-48B8-85BA-E2BC543A2935/marker.png"; sourceTree = "<group>"; };
/* End PBXFileReference section */

/* Begin PBXFrameworksBuildPhase section */
		84249DFC1C44573000A2AF2F /* Frameworks */ = {
			isa = PBXFrameworksBuildPhase;
			buildActionMask = 2147483647;
			files = (
				84EC78F01C44D32300ED299A /* MapKit.framework in Frameworks */,
			);
			runOnlyForDeploymentPostprocessing = 0;
		};
		84249E181C44573000A2AF2F /* Frameworks */ = {
			isa = PBXFrameworksBuildPhase;
			buildActionMask = 2147483647;
			files = (
			);
			runOnlyForDeploymentPostprocessing = 0;
		};
		84249E231C44573000A2AF2F /* Frameworks */ = {
			isa = PBXFrameworksBuildPhase;
			buildActionMask = 2147483647;
			files = (
			);
			runOnlyForDeploymentPostprocessing = 0;
		};
/* End PBXFrameworksBuildPhase section */

/* Begin PBXGroup section */
		84249DF61C44573000A2AF2F = {
			isa = PBXGroup;
			children = (
				84EC78EF1C44D32300ED299A /* MapKit.framework */,
				84249E011C44573000A2AF2F /* JSONParser */,
				84249E1E1C44573000A2AF2F /* JSONParserTests */,
				84249E291C44573000A2AF2F /* JSONParserUITests */,
				84249E001C44573000A2AF2F /* Products */,
			);
			sourceTree = "<group>";
		};
		84249E001C44573000A2AF2F /* Products */ = {
			isa = PBXGroup;
			children = (
				84249DFF1C44573000A2AF2F /* JSONParser.app */,
				84249E1B1C44573000A2AF2F /* JSONParserTests.xctest */,
				84249E261C44573000A2AF2F /* JSONParserUITests.xctest */,
			);
			name = Products;
			sourceTree = "<group>";
		};
		84249E011C44573000A2AF2F /* JSONParser */ = {
			isa = PBXGroup;
			children = (
				84249E051C44573000A2AF2F /* AppDelegate.h */,
				84249E061C44573000A2AF2F /* AppDelegate.m */,
				84EC78EC1C44CB3C00ED299A /* ViewController.h */,
				84EC78ED1C44CB3C00ED299A /* ViewController.m */,
				84EC78F11C44D38800ED299A /* MapViewController.h */,
				84EC78F21C44D38800ED299A /* MapViewController.m */,
				84249E111C44573000A2AF2F /* Assets.xcassets */,
				84249E161C44573000A2AF2F /* Info.plist */,
				84249E0E1C44573000A2AF2F /* JSONParser.xcdatamodeld */,
				84249E131C44573000A2AF2F /* LaunchScreen.storyboard */,
				84249E0B1C44573000A2AF2F /* Main.storyboard */,
				84249E021C44573000A2AF2F /* Supporting Files */,
				84249E381C4458FE00A2AF2F /* BuildingsParser.h */,
				84249E391C4458FE00A2AF2F /* BuildingsParser.m */,
				84249E3B1C445BD500A2AF2F /* Building.h */,
				84249E3C1C445BD500A2AF2F /* Building.m */,
				84249E431C4469D300A2AF2F /* BuildingCell.h */,
				84249E441C4469D300A2AF2F /* BuildingCell.m */,
				84EC78E81C44726E00ED299A /* check_ic_green@2x.png */,
				84EC78EA1C44727100ED299A /* check_ic_grey@2x.png */,
				84ED6A121C44EF1700E57099 /* marker@2x.png */,
				84ED6A141C44EF2000E57099 /* marker.png */,
				84EC78FC1C44DC8E00ED299A /* BuildingPin.h */,
				84EC78FD1C44DC8E00ED299A /* BuildingPin.m */,
			);
			path = JSONParser;
			sourceTree = "<group>";
		};
		84249E021C44573000A2AF2F /* Supporting Files */ = {
			isa = PBXGroup;
			children = (
				84249E031C44573000A2AF2F /* main.m */,
			);
			name = "Supporting Files";
			sourceTree = "<group>";
		};
		84249E1E1C44573000A2AF2F /* JSONParserTests */ = {
			isa = PBXGroup;
			children = (
				84249E1F1C44573000A2AF2F /* JSONParserTests.m */,
				84249E211C44573000A2AF2F /* Info.plist */,
			);
			path = JSONParserTests;
			sourceTree = "<group>";
		};
		84249E291C44573000A2AF2F /* JSONParserUITests */ = {
			isa = PBXGroup;
			children = (
				84249E2A1C44573000A2AF2F /* JSONParserUITests.m */,
				84249E2C1C44573000A2AF2F /* Info.plist */,
			);
			path = JSONParserUITests;
			sourceTree = "<group>";
		};
/* End PBXGroup section */

/* Begin PBXNativeTarget section */
		84249DFE1C44573000A2AF2F /* JSONParser */ = {
			isa = PBXNativeTarget;
			buildConfigurationList = 84249E2F1C44573000A2AF2F /* Build configuration list for PBXNativeTarget "JSONParser" */;
			buildPhases = (
				84249DFB1C44573000A2AF2F /* Sources */,
				84249DFC1C44573000A2AF2F /* Frameworks */,
				84249DFD1C44573000A2AF2F /* Resources */,
			);
			buildRules = (
			);
			dependencies = (
			);
			name = JSONParser;
			productName = JSONParser;
			productReference = 84249DFF1C44573000A2AF2F /* JSONParser.app */;
			productType = "com.apple.product-type.application";
		};
		84249E1A1C44573000A2AF2F /* JSONParserTests */ = {
			isa = PBXNativeTarget;
			buildConfigurationList = 84249E321C44573000A2AF2F /* Build configuration list for PBXNativeTarget "JSONParserTests" */;
			buildPhases = (
				84249E171C44573000A2AF2F /* Sources */,
				84249E181C44573000A2AF2F /* Frameworks */,
				84249E191C44573000A2AF2F /* Resources */,
			);
			buildRules = (
			);
			dependencies = (
				84249E1D1C44573000A2AF2F /* PBXTargetDependency */,
			);
			name = JSONParserTests;
			productName = JSONParserTests;
			productReference = 84249E1B1C44573000A2AF2F /* JSONParserTests.xctest */;
			productType = "com.apple.product-type.bundle.unit-test";
		};
		84249E251C44573000A2AF2F /* JSONParserUITests */ = {
			isa = PBXNativeTarget;
			buildConfigurationList = 84249E351C44573000A2AF2F /* Build configuration list for PBXNativeTarget "JSONParserUITests" */;
			buildPhases = (
				84249E221C44573000A2AF2F /* Sources */,
				84249E231C44573000A2AF2F /* Frameworks */,
				84249E241C44573000A2AF2F /* Resources */,
			);
			buildRules = (
			);
			dependencies = (
				84249E281C44573000A2AF2F /* PBXTargetDependency */,
			);
			name = JSONParserUITests;
			productName = JSONParserUITests;
			productReference = 84249E261C44573000A2AF2F /* JSONParserUITests.xctest */;
			productType = "com.apple.product-type.bundle.ui-testing";
		};
/* End PBXNativeTarget section */

/* Begin PBXProject section */
		84249DF71C44573000A2AF2F /* Project object */ = {
			isa = PBXProject;
			attributes = {
				LastUpgradeCheck = 0710;
				ORGANIZATIONNAME = Admin;
				TargetAttributes = {
					84249DFE1C44573000A2AF2F = {
						CreatedOnToolsVersion = 7.1;
					};
					84249E1A1C44573000A2AF2F = {
						CreatedOnToolsVersion = 7.1;
						TestTargetID = 84249DFE1C44573000A2AF2F;
					};
					84249E251C44573000A2AF2F = {
						CreatedOnToolsVersion = 7.1;
						TestTargetID = 84249DFE1C44573000A2AF2F;
					};
				};
			};
			buildConfigurationList = 84249DFA1C44573000A2AF2F /* Build configuration list for PBXProject "JSONParser" */;
			compatibilityVersion = "Xcode 3.2";
			developmentRegion = English;
			hasScannedForEncodings = 0;
			knownRegions = (
				en,
				Base,
			);
			mainGroup = 84249DF61C44573000A2AF2F;
			productRefGroup = 84249E001C44573000A2AF2F /* Products */;
			projectDirPath = "";
			projectRoot = "";
			targets = (
				84249DFE1C44573000A2AF2F /* JSONParser */,
				84249E1A1C44573000A2AF2F /* JSONParserTests */,
				84249E251C44573000A2AF2F /* JSONParserUITests */,
			);
		};
/* End PBXProject section */

/* Begin PBXResourcesBuildPhase section */
		84249DFD1C44573000A2AF2F /* Resources */ = {
			isa = PBXResourcesBuildPhase;
			buildActionMask = 2147483647;
			files = (
				84EC78EB1C44727100ED299A /* check_ic_grey@2x.png in Resources */,
				84249E151C44573000A2AF2F /* LaunchScreen.storyboard in Resources */,
				84249E121C44573000A2AF2F /* Assets.xcassets in Resources */,
				84249E0D1C44573000A2AF2F /* Main.storyboard in Resources */,
				84ED6A131C44EF1700E57099 /* marker@2x.png in Resources */,
				84EC78E91C44726E00ED299A /* check_ic_green@2x.png in Resources */,
				84ED6A151C44EF2000E57099 /* marker.png in Resources */,
			);
			runOnlyForDeploymentPostprocessing = 0;
		};
		84249E191C44573000A2AF2F /* Resources */ = {
			isa = PBXResourcesBuildPhase;
			buildActionMask = 2147483647;
			files = (
			);
			runOnlyForDeploymentPostprocessing = 0;
		};
		84249E241C44573000A2AF2F /* Resources */ = {
			isa = PBXResourcesBuildPhase;
			buildActionMask = 2147483647;
			files = (
			);
			runOnlyForDeploymentPostprocessing = 0;
		};
/* End PBXResourcesBuildPhase section */

/* Begin PBXSourcesBuildPhase section */
		84249DFB1C44573000A2AF2F /* Sources */ = {
			isa = PBXSourcesBuildPhase;
			buildActionMask = 2147483647;
			files = (
				84EC78FE1C44DC8E00ED299A /* BuildingPin.m in Sources */,
				84249E3A1C4458FE00A2AF2F /* BuildingsParser.m in Sources */,
				84EC78EE1C44CB3C00ED299A /* ViewController.m in Sources */,
				84EC78F31C44D38800ED299A /* MapViewController.m in Sources */,
				84249E071C44573000A2AF2F /* AppDelegate.m in Sources */,
				84249E101C44573000A2AF2F /* JSONParser.xcdatamodeld in Sources */,
				84249E041C44573000A2AF2F /* main.m in Sources */,
				84249E3D1C445BD500A2AF2F /* Building.m in Sources */,
				84249E451C4469D300A2AF2F /* BuildingCell.m in Sources */,
			);
			runOnlyForDeploymentPostprocessing = 0;
		};
		84249E171C44573000A2AF2F /* Sources */ = {
			isa = PBXSourcesBuildPhase;
			buildActionMask = 2147483647;
			files = (
				84249E201C44573000A2AF2F /* JSONParserTests.m in Sources */,
			);
			runOnlyForDeploymentPostprocessing = 0;
		};
		84249E221C44573000A2AF2F /* Sources */ = {
			isa = PBXSourcesBuildPhase;
			buildActionMask = 2147483647;
			files = (
				84249E2B1C44573000A2AF2F /* JSONParserUITests.m in Sources */,
			);
			runOnlyForDeploymentPostprocessing = 0;
		};
/* End PBXSourcesBuildPhase section */

/* Begin PBXTargetDependency section */
		84249E1D1C44573000A2AF2F /* PBXTargetDependency */ = {
			isa = PBXTargetDependency;
			target = 84249DFE1C44573000A2AF2F /* JSONParser */;
			targetProxy = 84249E1C1C44573000A2AF2F /* PBXContainerItemProxy */;
		};
		84249E281C44573000A2AF2F /* PBXTargetDependency */ = {
			isa = PBXTargetDependency;
			target = 84249DFE1C44573000A2AF2F /* JSONParser */;
			targetProxy = 84249E271C44573000A2AF2F /* PBXContainerItemProxy */;
		};
/* End PBXTargetDependency section */

/* Begin PBXVariantGroup section */
		84249E0B1C44573000A2AF2F /* Main.storyboard */ = {
			isa = PBXVariantGroup;
			children = (
				84249E0C1C44573000A2AF2F /* Base */,
			);
			name = Main.storyboard;
			sourceTree = "<group>";
		};
		84249E131C44573000A2AF2F /* LaunchScreen.storyboard */ = {
			isa = PBXVariantGroup;
			children = (
				84249E141C44573000A2AF2F /* Base */,
			);
			name = LaunchScreen.storyboard;
			sourceTree = "<group>";
		};
/* End PBXVariantGroup section */

/* Begin XCBuildConfiguration section */
		84249E2D1C44573000A2AF2F /* Debug */ = {
			isa = XCBuildConfiguration;
			buildSettings = {
				ALWAYS_SEARCH_USER_PATHS = NO;
				CLANG_CXX_LANGUAGE_STANDARD = "gnu++0x";
				CLANG_CXX_LIBRARY = "libc++";
				CLANG_ENABLE_MODULES = YES;
				CLANG_ENABLE_OBJC_ARC = YES;
				CLANG_WARN_BOOL_CONVERSION = YES;
				CLANG_WARN_CONSTANT_CONVERSION = YES;
				CLANG_WARN_DIRECT_OBJC_ISA_USAGE = YES_ERROR;
				CLANG_WARN_EMPTY_BODY = YES;
				CLANG_WARN_ENUM_CONVERSION = YES;
				CLANG_WARN_INT_CONVERSION = YES;
				CLANG_WARN_OBJC_ROOT_CLASS = YES_ERROR;
				CLANG_WARN_UNREACHABLE_CODE = YES;
				CLANG_WARN__DUPLICATE_METHOD_MATCH = YES;
				"CODE_SIGN_IDENTITY[sdk=iphoneos*]" = "iPhone Developer";
				COPY_PHASE_STRIP = NO;
				DEBUG_INFORMATION_FORMAT = dwarf;
				ENABLE_STRICT_OBJC_MSGSEND = YES;
				ENABLE_TESTABILITY = YES;
				GCC_C_LANGUAGE_STANDARD = gnu99;
				GCC_DYNAMIC_NO_PIC = NO;
				GCC_NO_COMMON_BLOCKS = YES;
				GCC_OPTIMIZATION_LEVEL = 0;
				GCC_PREPROCESSOR_DEFINITIONS = (
					"DEBUG=1",
					"$(inherited)",
				);
				GCC_WARN_64_TO_32_BIT_CONVERSION = YES;
				GCC_WARN_ABOUT_RETURN_TYPE = YES_ERROR;
				GCC_WARN_UNDECLARED_SELECTOR = YES;
				GCC_WARN_UNINITIALIZED_AUTOS = YES_AGGRESSIVE;
				GCC_WARN_UNUSED_FUNCTION = YES;
				GCC_WARN_UNUSED_VARIABLE = YES;
				IPHONEOS_DEPLOYMENT_TARGET = 9.1;
				MTL_ENABLE_DEBUG_INFO = YES;
				ONLY_ACTIVE_ARCH = YES;
				SDKROOT = iphoneos;
				TARGETED_DEVICE_FAMILY = "1,2";
			};
			name = Debug;
		};
		84249E2E1C44573000A2AF2F /* Release */ = {
			isa = XCBuildConfiguration;
			buildSettings = {
				ALWAYS_SEARCH_USER_PATHS = NO;
				CLANG_CXX_LANGUAGE_STANDARD = "gnu++0x";
				CLANG_CXX_LIBRARY = "libc++";
				CLANG_ENABLE_MODULES = YES;
				CLANG_ENABLE_OBJC_ARC = YES;
				CLANG_WARN_BOOL_CONVERSION = YES;
				CLANG_WARN_CONSTANT_CONVERSION = YES;
				CLANG_WARN_DIRECT_OBJC_ISA_USAGE = YES_ERROR;
				CLANG_WARN_EMPTY_BODY = YES;
				CLANG_WARN_ENUM_CONVERSION = YES;
				CLANG_WARN_INT_CONVERSION = YES;
				CLANG_WARN_OBJC_ROOT_CLASS = YES_ERROR;
				CLANG_WARN_UNREACHABLE_CODE = YES;
				CLANG_WARN__DUPLICATE_METHOD_MATCH = YES;
				"CODE_SIGN_IDENTITY[sdk=iphoneos*]" = "iPhone Developer";
				COPY_PHASE_STRIP = NO;
				DEBUG_INFORMATION_FORMAT = "dwarf-with-dsym";
				ENABLE_NS_ASSERTIONS = NO;
				ENABLE_STRICT_OBJC_MSGSEND = YES;
				GCC_C_LANGUAGE_STANDARD = gnu99;
				GCC_NO_COMMON_BLOCKS = YES;
				GCC_WARN_64_TO_32_BIT_CONVERSION = YES;
				GCC_WARN_ABOUT_RETURN_TYPE = YES_ERROR;
				GCC_WARN_UNDECLARED_SELECTOR = YES;
				GCC_WARN_UNINITIALIZED_AUTOS = YES_AGGRESSIVE;
				GCC_WARN_UNUSED_FUNCTION = YES;
				GCC_WARN_UNUSED_VARIABLE = YES;
				IPHONEOS_DEPLOYMENT_TARGET = 9.1;
				MTL_ENABLE_DEBUG_INFO = NO;
				SDKROOT = iphoneos;
				TARGETED_DEVICE_FAMILY = "1,2";
				VALIDATE_PRODUCT = YES;
			};
			name = Release;
		};
		84249E301C44573000A2AF2F /* Debug */ = {
			isa = XCBuildConfiguration;
			buildSettings = {
				ASSETCATALOG_COMPILER_APPICON_NAME = AppIcon;
				INFOPLIST_FILE = JSONParser/Info.plist;
				LD_RUNPATH_SEARCH_PATHS = "$(inherited) @executable_path/Frameworks";
				PRODUCT_BUNDLE_IDENTIFIER = com.JSONParser;
				PRODUCT_NAME = "$(TARGET_NAME)";
			};
			name = Debug;
		};
		84249E311C44573000A2AF2F /* Release */ = {
			isa = XCBuildConfiguration;
			buildSettings = {
				ASSETCATALOG_COMPILER_APPICON_NAME = AppIcon;
				INFOPLIST_FILE = JSONParser/Info.plist;
				LD_RUNPATH_SEARCH_PATHS = "$(inherited) @executable_path/Frameworks";
				PRODUCT_BUNDLE_IDENTIFIER = com.JSONParser;
				PRODUCT_NAME = "$(TARGET_NAME)";
			};
			name = Release;
		};
		84249E331C44573000A2AF2F /* Debug */ = {
			isa = XCBuildConfiguration;
			buildSettings = {
				BUNDLE_LOADER = "$(TEST_HOST)";
				INFOPLIST_FILE = JSONParserTests/Info.plist;
				LD_RUNPATH_SEARCH_PATHS = "$(inherited) @executable_path/Frameworks @loader_path/Frameworks";
				PRODUCT_BUNDLE_IDENTIFIER = com.JSONParserTests;
				PRODUCT_NAME = "$(TARGET_NAME)";
				TEST_HOST = "$(BUILT_PRODUCTS_DIR)/JSONParser.app/JSONParser";
			};
			name = Debug;
		};
		84249E341C44573000A2AF2F /* Release */ = {
			isa = XCBuildConfiguration;
			buildSettings = {
				BUNDLE_LOADER = "$(TEST_HOST)";
				INFOPLIST_FILE = JSONParserTests/Info.plist;
				LD_RUNPATH_SEARCH_PATHS = "$(inherited) @executable_path/Frameworks @loader_path/Frameworks";
				PRODUCT_BUNDLE_IDENTIFIER = com.JSONParserTests;
				PRODUCT_NAME = "$(TARGET_NAME)";
				TEST_HOST = "$(BUILT_PRODUCTS_DIR)/JSONParser.app/JSONParser";
			};
			name = Release;
		};
		84249E361C44573000A2AF2F /* Debug */ = {
			isa = XCBuildConfiguration;
			buildSettings = {
				INFOPLIST_FILE = JSONParserUITests/Info.plist;
				LD_RUNPATH_SEARCH_PATHS = "$(inherited) @executable_path/Frameworks @loader_path/Frameworks";
				PRODUCT_BUNDLE_IDENTIFIER = com.JSONParserUITests;
				PRODUCT_NAME = "$(TARGET_NAME)";
				TEST_TARGET_NAME = JSONParser;
				USES_XCTRUNNER = YES;
			};
			name = Debug;
		};
		84249E371C44573000A2AF2F /* Release */ = {
			isa = XCBuildConfiguration;
			buildSettings = {
				INFOPLIST_FILE = JSONParserUITests/Info.plist;
				LD_RUNPATH_SEARCH_PATHS = "$(inherited) @executable_path/Frameworks @loader_path/Frameworks";
				PRODUCT_BUNDLE_IDENTIFIER = com.JSONParserUITests;
				PRODUCT_NAME = "$(TARGET_NAME)";
				TEST_TARGET_NAME = JSONParser;
				USES_XCTRUNNER = YES;
			};
			name = Release;
		};
/* End XCBuildConfiguration section */

/* Begin XCConfigurationList section */
		84249DFA1C44573000A2AF2F /* Build configuration list for PBXProject "JSONParser" */ = {
			isa = XCConfigurationList;
			buildConfigurations = (
				84249E2D1C44573000A2AF2F /* Debug */,
				84249E2E1C44573000A2AF2F /* Release */,
			);
			defaultConfigurationIsVisible = 0;
			defaultConfigurationName = Release;
		};
		84249E2F1C44573000A2AF2F /* Build configuration list for PBXNativeTarget "JSONParser" */ = {
			isa = XCConfigurationList;
			buildConfigurations = (
				84249E301C44573000A2AF2F /* Debug */,
				84249E311C44573000A2AF2F /* Release */,
			);
			defaultConfigurationIsVisible = 0;
			defaultConfigurationName = Release;
		};
		84249E321C44573000A2AF2F /* Build configuration list for PBXNativeTarget "JSONParserTests" */ = {
			isa = XCConfigurationList;
			buildConfigurations = (
				84249E331C44573000A2AF2F /* Debug */,
				84249E341C44573000A2AF2F /* Release */,
			);
			defaultConfigurationIsVisible = 0;
			defaultConfigurationName = Release;
		};
		84249E351C44573000A2AF2F /* Build configuration list for PBXNativeTarget "JSONParserUITests" */ = {
			isa = XCConfigurationList;
			buildConfigurations = (
				84249E361C44573000A2AF2F /* Debug */,
				84249E371C44573000A2AF2F /* Release */,
			);
			defaultConfigurationIsVisible = 0;
			defaultConfigurationName = Release;
		};
/* End XCConfigurationList section */

/* Begin XCVersionGroup section */
		84249E0E1C44573000A2AF2F /* JSONParser.xcdatamodeld */ = {
			isa = XCVersionGroup;
			children = (
				84249E0F1C44573000A2AF2F /* JSONParser.xcdatamodel */,
			);
			currentVersion = 84249E0F1C44573000A2AF2F /* JSONParser.xcdatamodel */;
			path = JSONParser.xcdatamodeld;
			sourceTree = "<group>";
			versionGroupType = wrapper.xcdatamodel;
		};
/* End XCVersionGroup section */
	};
	rootObject = 84249DF71C44573000A2AF2F /* Project object */;
}
